// !$*UTF8*$!
{
	archiveVersion = 1;
	classes = {
	};
	objectVersion = 46;
	objects = {

/* Begin PBXGroup section */
		F6873B241D2DE6AE002D6B4A = {
			isa = PBXGroup;
			children = (
				F6873B2B1D2DE6E3002D6B4A /* Source */,
				F6873B2C1D2DE6E3002D6B4A /* Tests */,
			);
			sourceTree = "<group>";
		};
		F6873B2B1D2DE6E3002D6B4A /* Source */ = {
			isa = PBXGroup;
			children = (
			);
			path = Source;
			sourceTree = "<group>";
		};
		F6873B2C1D2DE6E3002D6B4A /* Tests */ = {
			isa = PBXGroup;
			children = (
			);
			path = Tests;
			sourceTree = "<group>";
		};
/* End PBXGroup section */

/* Begin PBXProject section */
		F6873B251D2DE6AE002D6B4A /* Project object */ = {
			isa = PBXProject;
			attributes = {
				LastUpgradeCheck = 0730;
			};
			buildConfigurationList = F6873B281D2DE6AE002D6B4A /* Build configuration list for PBXProject "SwiftyPack" */;
			compatibilityVersion = "Xcode 3.2";
			developmentRegion = English;
			hasScannedForEncodings = 0;
			knownRegions = (
				en,
			);
			mainGroup = F6873B241D2DE6AE002D6B4A;
			projectDirPath = "";
			projectRoot = "";
			targets = (
			);
		};
/* End PBXProject section */

/* Begin XCBuildConfiguration section */
		F6873B291D2DE6AE002D6B4A /* Debug */ = {
			isa = XCBuildConfiguration;
			buildSettings = {
			};
			name = Debug;
		};
		F6873B2A1D2DE6AE002D6B4A /* Release */ = {
			isa = XCBuildConfiguration;
			buildSettings = {
			};
			name = Release;
		};
/* End XCBuildConfiguration section */

/* Begin XCConfigurationList section */
		F6873B281D2DE6AE002D6B4A /* Build configuration list for PBXProject "SwiftyPack" */ = {
			isa = XCConfigurationList;
			buildConfigurations = (
				F6873B291D2DE6AE002D6B4A /* Debug */,
				F6873B2A1D2DE6AE002D6B4A /* Release */,
			);
			defaultConfigurationIsVisible = 0;
			defaultConfigurationName = Release;
		};
/* End XCConfigurationList section */
	};
	rootObject = F6873B251D2DE6AE002D6B4A /* Project object */;
}
