// !$*UTF8*$!
{
	archiveVersion = 1;
	classes = {
	};
	objectVersion = 46;
	objects = {

/* Begin PBXBuildFile section */
		F6873B3D1D2DE743002D6B4A /* SwiftyPack.framework in Frameworks */ = {isa = PBXBuildFile; fileRef = F6873B321D2DE743002D6B4A /* SwiftyPack.framework */; };
		F6873B4C1D2DE787002D6B4A /* SwiftyPack.swift in Sources */ = {isa = PBXBuildFile; fileRef = F6873B4B1D2DE787002D6B4A /* SwiftyPack.swift */; };
		F6873B501D2DE7AD002D6B4A /* SwiftyPack.h in Headers */ = {isa = PBXBuildFile; fileRef = F6873B4E1D2DE7AD002D6B4A /* SwiftyPack.h */; settings = {ATTRIBUTES = (Public, ); }; };
		F6873B531D2DEA16002D6B4A /* Info.plist in Resources */ = {isa = PBXBuildFile; fileRef = F6873B511D2DEA16002D6B4A /* Info.plist */; };
		F6873B561D2DEB19002D6B4A /* SwiftyPackTests.swift in Sources */ = {isa = PBXBuildFile; fileRef = F6873B521D2DEA16002D6B4A /* SwiftyPackTests.swift */; };
		F6873B661D2DEBBD002D6B4A /* SwiftyPack.framework in Frameworks */ = {isa = PBXBuildFile; fileRef = F6873B5C1D2DEBBD002D6B4A /* SwiftyPack.framework */; };
		F6873B731D2DEC27002D6B4A /* SwiftyPack.h in Headers */ = {isa = PBXBuildFile; fileRef = F6873B4E1D2DE7AD002D6B4A /* SwiftyPack.h */; settings = {ATTRIBUTES = (Public, ); }; };
		F6873B741D2DEC37002D6B4A /* SwiftyPack.swift in Sources */ = {isa = PBXBuildFile; fileRef = F6873B4B1D2DE787002D6B4A /* SwiftyPack.swift */; };
		F6873B751D2DEC61002D6B4A /* SwiftyPackTests.swift in Sources */ = {isa = PBXBuildFile; fileRef = F6873B521D2DEA16002D6B4A /* SwiftyPackTests.swift */; };
/* End PBXBuildFile section */

/* Begin PBXContainerItemProxy section */
		F6873B3E1D2DE743002D6B4A /* PBXContainerItemProxy */ = {
			isa = PBXContainerItemProxy;
			containerPortal = F6873B251D2DE6AE002D6B4A /* Project object */;
			proxyType = 1;
			remoteGlobalIDString = F6873B311D2DE743002D6B4A;
			remoteInfo = SwiftyPack;
		};
		F6873B671D2DEBBD002D6B4A /* PBXContainerItemProxy */ = {
			isa = PBXContainerItemProxy;
			containerPortal = F6873B251D2DE6AE002D6B4A /* Project object */;
			proxyType = 1;
			remoteGlobalIDString = F6873B5B1D2DEBBD002D6B4A;
			remoteInfo = SwiftyPack;
		};
/* End PBXContainerItemProxy section */

/* Begin PBXFileReference section */
		F6873B321D2DE743002D6B4A /* SwiftyPack.framework */ = {isa = PBXFileReference; explicitFileType = wrapper.framework; includeInIndex = 0; path = SwiftyPack.framework; sourceTree = BUILT_PRODUCTS_DIR; };
		F6873B3C1D2DE743002D6B4A /* SwiftyPack iOS Tests.xctest */ = {isa = PBXFileReference; explicitFileType = wrapper.cfbundle; includeInIndex = 0; path = "SwiftyPack iOS Tests.xctest"; sourceTree = BUILT_PRODUCTS_DIR; };
		F6873B4B1D2DE787002D6B4A /* SwiftyPack.swift */ = {isa = PBXFileReference; fileEncoding = 4; lastKnownFileType = sourcecode.swift; path = SwiftyPack.swift; sourceTree = "<group>"; };
		F6873B4D1D2DE7AD002D6B4A /* Info.plist */ = {isa = PBXFileReference; fileEncoding = 4; lastKnownFileType = text.plist.xml; path = Info.plist; sourceTree = "<group>"; };
		F6873B4E1D2DE7AD002D6B4A /* SwiftyPack.h */ = {isa = PBXFileReference; fileEncoding = 4; lastKnownFileType = sourcecode.c.h; path = SwiftyPack.h; sourceTree = "<group>"; };
		F6873B511D2DEA16002D6B4A /* Info.plist */ = {isa = PBXFileReference; fileEncoding = 4; lastKnownFileType = text.plist.xml; path = Info.plist; sourceTree = "<group>"; };
		F6873B521D2DEA16002D6B4A /* SwiftyPackTests.swift */ = {isa = PBXFileReference; fileEncoding = 4; lastKnownFileType = sourcecode.swift; path = SwiftyPackTests.swift; sourceTree = "<group>"; };
		F6873B5C1D2DEBBD002D6B4A /* SwiftyPack.framework */ = {isa = PBXFileReference; explicitFileType = wrapper.framework; includeInIndex = 0; path = SwiftyPack.framework; sourceTree = BUILT_PRODUCTS_DIR; };
		F6873B651D2DEBBD002D6B4A /* SwiftyPack macOS Tests.xctest */ = {isa = PBXFileReference; explicitFileType = wrapper.cfbundle; includeInIndex = 0; path = "SwiftyPack macOS Tests.xctest"; sourceTree = BUILT_PRODUCTS_DIR; };
/* End PBXFileReference section */

/* Begin PBXFrameworksBuildPhase section */
		F6873B2E1D2DE743002D6B4A /* Frameworks */ = {
			isa = PBXFrameworksBuildPhase;
			buildActionMask = 2147483647;
			files = (
			);
			runOnlyForDeploymentPostprocessing = 0;
		};
		F6873B391D2DE743002D6B4A /* Frameworks */ = {
			isa = PBXFrameworksBuildPhase;
			buildActionMask = 2147483647;
			files = (
				F6873B3D1D2DE743002D6B4A /* SwiftyPack.framework in Frameworks */,
			);
			runOnlyForDeploymentPostprocessing = 0;
		};
		F6873B581D2DEBBD002D6B4A /* Frameworks */ = {
			isa = PBXFrameworksBuildPhase;
			buildActionMask = 2147483647;
			files = (
			);
			runOnlyForDeploymentPostprocessing = 0;
		};
		F6873B621D2DEBBD002D6B4A /* Frameworks */ = {
			isa = PBXFrameworksBuildPhase;
			buildActionMask = 2147483647;
			files = (
				F6873B661D2DEBBD002D6B4A /* SwiftyPack.framework in Frameworks */,
			);
			runOnlyForDeploymentPostprocessing = 0;
		};
/* End PBXFrameworksBuildPhase section */

/* Begin PBXGroup section */
		F6873B241D2DE6AE002D6B4A = {
			isa = PBXGroup;
			children = (
				F6873B2B1D2DE6E3002D6B4A /* Source */,
				F6873B2C1D2DE6E3002D6B4A /* Tests */,
				F6873B331D2DE743002D6B4A /* Products */,
			);
			sourceTree = "<group>";
		};
		F6873B2B1D2DE6E3002D6B4A /* Source */ = {
			isa = PBXGroup;
			children = (
				F6873B4B1D2DE787002D6B4A /* SwiftyPack.swift */,
				F6873B4A1D2DE75B002D6B4A /* Supporting Files */,
			);
			path = Source;
			sourceTree = "<group>";
		};
		F6873B2C1D2DE6E3002D6B4A /* Tests */ = {
			isa = PBXGroup;
			children = (
				F6873B551D2DEAA0002D6B4A /* Supporting Files */,
				F6873B521D2DEA16002D6B4A /* SwiftyPackTests.swift */,
			);
			path = Tests;
			sourceTree = "<group>";
		};
		F6873B331D2DE743002D6B4A /* Products */ = {
			isa = PBXGroup;
			children = (
				F6873B321D2DE743002D6B4A /* SwiftyPack.framework */,
				F6873B3C1D2DE743002D6B4A /* SwiftyPack iOS Tests.xctest */,
				F6873B5C1D2DEBBD002D6B4A /* SwiftyPack.framework */,
				F6873B651D2DEBBD002D6B4A /* SwiftyPack macOS Tests.xctest */,
			);
			name = Products;
			sourceTree = "<group>";
		};
		F6873B4A1D2DE75B002D6B4A /* Supporting Files */ = {
			isa = PBXGroup;
			children = (
				F6873B4D1D2DE7AD002D6B4A /* Info.plist */,
				F6873B4E1D2DE7AD002D6B4A /* SwiftyPack.h */,
			);
			name = "Supporting Files";
			sourceTree = "<group>";
		};
		F6873B551D2DEAA0002D6B4A /* Supporting Files */ = {
			isa = PBXGroup;
			children = (
				F6873B511D2DEA16002D6B4A /* Info.plist */,
			);
			name = "Supporting Files";
			sourceTree = "<group>";
		};
/* End PBXGroup section */

/* Begin PBXHeadersBuildPhase section */
		F6873B2F1D2DE743002D6B4A /* Headers */ = {
			isa = PBXHeadersBuildPhase;
			buildActionMask = 2147483647;
			files = (
				F6873B501D2DE7AD002D6B4A /* SwiftyPack.h in Headers */,
			);
			runOnlyForDeploymentPostprocessing = 0;
		};
		F6873B591D2DEBBD002D6B4A /* Headers */ = {
			isa = PBXHeadersBuildPhase;
			buildActionMask = 2147483647;
			files = (
				F6873B731D2DEC27002D6B4A /* SwiftyPack.h in Headers */,
			);
			runOnlyForDeploymentPostprocessing = 0;
		};
/* End PBXHeadersBuildPhase section */

/* Begin PBXNativeTarget section */
		F6873B311D2DE743002D6B4A /* SwiftyPack iOS */ = {
			isa = PBXNativeTarget;
			buildConfigurationList = F6873B441D2DE743002D6B4A /* Build configuration list for PBXNativeTarget "SwiftyPack iOS" */;
			buildPhases = (
				F6873B2D1D2DE743002D6B4A /* Sources */,
				F6873B2E1D2DE743002D6B4A /* Frameworks */,
				F6873B2F1D2DE743002D6B4A /* Headers */,
				F6873B301D2DE743002D6B4A /* Resources */,
			);
			buildRules = (
			);
			dependencies = (
			);
			name = "SwiftyPack iOS";
			productName = SwiftyPack;
			productReference = F6873B321D2DE743002D6B4A /* SwiftyPack.framework */;
			productType = "com.apple.product-type.framework";
		};
		F6873B3B1D2DE743002D6B4A /* SwiftyPack iOS Tests */ = {
			isa = PBXNativeTarget;
			buildConfigurationList = F6873B471D2DE743002D6B4A /* Build configuration list for PBXNativeTarget "SwiftyPack iOS Tests" */;
			buildPhases = (
				F6873B381D2DE743002D6B4A /* Sources */,
				F6873B391D2DE743002D6B4A /* Frameworks */,
				F6873B3A1D2DE743002D6B4A /* Resources */,
			);
			buildRules = (
			);
			dependencies = (
				F6873B3F1D2DE743002D6B4A /* PBXTargetDependency */,
			);
			name = "SwiftyPack iOS Tests";
			productName = SwiftyPackTests;
			productReference = F6873B3C1D2DE743002D6B4A /* SwiftyPack iOS Tests.xctest */;
			productType = "com.apple.product-type.bundle.unit-test";
		};
		F6873B5B1D2DEBBD002D6B4A /* SwiftyPack macOS */ = {
			isa = PBXNativeTarget;
			buildConfigurationList = F6873B6D1D2DEBBD002D6B4A /* Build configuration list for PBXNativeTarget "SwiftyPack macOS" */;
			buildPhases = (
				F6873B571D2DEBBD002D6B4A /* Sources */,
				F6873B581D2DEBBD002D6B4A /* Frameworks */,
				F6873B591D2DEBBD002D6B4A /* Headers */,
				F6873B5A1D2DEBBD002D6B4A /* Resources */,
			);
			buildRules = (
			);
			dependencies = (
			);
			name = "SwiftyPack macOS";
			productName = SwiftyPack;
			productReference = F6873B5C1D2DEBBD002D6B4A /* SwiftyPack.framework */;
			productType = "com.apple.product-type.framework";
		};
		F6873B641D2DEBBD002D6B4A /* SwiftyPack macOS Tests */ = {
			isa = PBXNativeTarget;
			buildConfigurationList = F6873B701D2DEBBD002D6B4A /* Build configuration list for PBXNativeTarget "SwiftyPack macOS Tests" */;
			buildPhases = (
				F6873B611D2DEBBD002D6B4A /* Sources */,
				F6873B621D2DEBBD002D6B4A /* Frameworks */,
				F6873B631D2DEBBD002D6B4A /* Resources */,
			);
			buildRules = (
			);
			dependencies = (
				F6873B681D2DEBBD002D6B4A /* PBXTargetDependency */,
			);
			name = "SwiftyPack macOS Tests";
			productName = SwiftyPackTests;
			productReference = F6873B651D2DEBBD002D6B4A /* SwiftyPack macOS Tests.xctest */;
			productType = "com.apple.product-type.bundle.unit-test";
		};
/* End PBXNativeTarget section */

/* Begin PBXProject section */
		F6873B251D2DE6AE002D6B4A /* Project object */ = {
			isa = PBXProject;
			attributes = {
				LastSwiftUpdateCheck = 0730;
				LastUpgradeCheck = 0730;
				TargetAttributes = {
					F6873B311D2DE743002D6B4A = {
						CreatedOnToolsVersion = 7.3;
					};
					F6873B3B1D2DE743002D6B4A = {
						CreatedOnToolsVersion = 7.3;
					};
					F6873B5B1D2DEBBD002D6B4A = {
						CreatedOnToolsVersion = 7.3;
					};
					F6873B641D2DEBBD002D6B4A = {
						CreatedOnToolsVersion = 7.3;
					};
				};
			};
			buildConfigurationList = F6873B281D2DE6AE002D6B4A /* Build configuration list for PBXProject "SwiftyPack" */;
			compatibilityVersion = "Xcode 3.2";
			developmentRegion = English;
			hasScannedForEncodings = 0;
			knownRegions = (
				en,
			);
			mainGroup = F6873B241D2DE6AE002D6B4A;
			productRefGroup = F6873B331D2DE743002D6B4A /* Products */;
			projectDirPath = "";
			projectRoot = "";
			targets = (
				F6873B311D2DE743002D6B4A /* SwiftyPack iOS */,
				F6873B3B1D2DE743002D6B4A /* SwiftyPack iOS Tests */,
				F6873B5B1D2DEBBD002D6B4A /* SwiftyPack macOS */,
				F6873B641D2DEBBD002D6B4A /* SwiftyPack macOS Tests */,
			);
		};
/* End PBXProject section */

/* Begin PBXResourcesBuildPhase section */
		F6873B301D2DE743002D6B4A /* Resources */ = {
			isa = PBXResourcesBuildPhase;
			buildActionMask = 2147483647;
			files = (
				F6873B531D2DEA16002D6B4A /* Info.plist in Resources */,
			);
			runOnlyForDeploymentPostprocessing = 0;
		};
		F6873B3A1D2DE743002D6B4A /* Resources */ = {
			isa = PBXResourcesBuildPhase;
			buildActionMask = 2147483647;
			files = (
			);
			runOnlyForDeploymentPostprocessing = 0;
		};
		F6873B5A1D2DEBBD002D6B4A /* Resources */ = {
			isa = PBXResourcesBuildPhase;
			buildActionMask = 2147483647;
			files = (
			);
			runOnlyForDeploymentPostprocessing = 0;
		};
		F6873B631D2DEBBD002D6B4A /* Resources */ = {
			isa = PBXResourcesBuildPhase;
			buildActionMask = 2147483647;
			files = (
			);
			runOnlyForDeploymentPostprocessing = 0;
		};
/* End PBXResourcesBuildPhase section */

/* Begin PBXSourcesBuildPhase section */
		F6873B2D1D2DE743002D6B4A /* Sources */ = {
			isa = PBXSourcesBuildPhase;
			buildActionMask = 2147483647;
			files = (
				F6873B4C1D2DE787002D6B4A /* SwiftyPack.swift in Sources */,
			);
			runOnlyForDeploymentPostprocessing = 0;
		};
		F6873B381D2DE743002D6B4A /* Sources */ = {
			isa = PBXSourcesBuildPhase;
			buildActionMask = 2147483647;
			files = (
				F6873B561D2DEB19002D6B4A /* SwiftyPackTests.swift in Sources */,
			);
			runOnlyForDeploymentPostprocessing = 0;
		};
		F6873B571D2DEBBD002D6B4A /* Sources */ = {
			isa = PBXSourcesBuildPhase;
			buildActionMask = 2147483647;
			files = (
				F6873B741D2DEC37002D6B4A /* SwiftyPack.swift in Sources */,
			);
			runOnlyForDeploymentPostprocessing = 0;
		};
		F6873B611D2DEBBD002D6B4A /* Sources */ = {
			isa = PBXSourcesBuildPhase;
			buildActionMask = 2147483647;
			files = (
				F6873B751D2DEC61002D6B4A /* SwiftyPackTests.swift in Sources */,
			);
			runOnlyForDeploymentPostprocessing = 0;
		};
/* End PBXSourcesBuildPhase section */

/* Begin PBXTargetDependency section */
		F6873B3F1D2DE743002D6B4A /* PBXTargetDependency */ = {
			isa = PBXTargetDependency;
			target = F6873B311D2DE743002D6B4A /* SwiftyPack iOS */;
			targetProxy = F6873B3E1D2DE743002D6B4A /* PBXContainerItemProxy */;
		};
		F6873B681D2DEBBD002D6B4A /* PBXTargetDependency */ = {
			isa = PBXTargetDependency;
			target = F6873B5B1D2DEBBD002D6B4A /* SwiftyPack macOS */;
			targetProxy = F6873B671D2DEBBD002D6B4A /* PBXContainerItemProxy */;
		};
/* End PBXTargetDependency section */

/* Begin XCBuildConfiguration section */
		F6873B291D2DE6AE002D6B4A /* Debug */ = {
			isa = XCBuildConfiguration;
			buildSettings = {
			};
			name = Debug;
		};
		F6873B2A1D2DE6AE002D6B4A /* Release */ = {
			isa = XCBuildConfiguration;
			buildSettings = {
			};
			name = Release;
		};
		F6873B451D2DE743002D6B4A /* Debug */ = {
			isa = XCBuildConfiguration;
			buildSettings = {
				ALWAYS_SEARCH_USER_PATHS = NO;
				APPLICATION_EXTENSION_API_ONLY = YES;
				CLANG_ANALYZER_NONNULL = YES;
				CLANG_CXX_LANGUAGE_STANDARD = "gnu++0x";
				CLANG_CXX_LIBRARY = "libc++";
				CLANG_ENABLE_MODULES = YES;
				CLANG_ENABLE_OBJC_ARC = YES;
				CLANG_WARN_BOOL_CONVERSION = YES;
				CLANG_WARN_CONSTANT_CONVERSION = YES;
				CLANG_WARN_DIRECT_OBJC_ISA_USAGE = YES_ERROR;
				CLANG_WARN_EMPTY_BODY = YES;
				CLANG_WARN_ENUM_CONVERSION = YES;
				CLANG_WARN_INT_CONVERSION = YES;
				CLANG_WARN_OBJC_ROOT_CLASS = YES_ERROR;
				CLANG_WARN_UNREACHABLE_CODE = YES;
				CLANG_WARN__DUPLICATE_METHOD_MATCH = YES;
				"CODE_SIGN_IDENTITY[sdk=iphoneos*]" = "iPhone Developer";
				COPY_PHASE_STRIP = NO;
				CURRENT_PROJECT_VERSION = 1;
				DEBUG_INFORMATION_FORMAT = dwarf;
				DEFINES_MODULE = YES;
				DYLIB_COMPATIBILITY_VERSION = 1;
				DYLIB_CURRENT_VERSION = 1;
				DYLIB_INSTALL_NAME_BASE = "@rpath";
				ENABLE_STRICT_OBJC_MSGSEND = YES;
				ENABLE_TESTABILITY = YES;
				GCC_C_LANGUAGE_STANDARD = gnu99;
				GCC_DYNAMIC_NO_PIC = NO;
				GCC_NO_COMMON_BLOCKS = YES;
				GCC_OPTIMIZATION_LEVEL = 0;
				GCC_PREPROCESSOR_DEFINITIONS = (
					"DEBUG=1",
					"$(inherited)",
				);
				GCC_WARN_64_TO_32_BIT_CONVERSION = YES;
				GCC_WARN_ABOUT_RETURN_TYPE = YES_ERROR;
				GCC_WARN_UNDECLARED_SELECTOR = YES;
				GCC_WARN_UNINITIALIZED_AUTOS = YES_AGGRESSIVE;
				GCC_WARN_UNUSED_FUNCTION = YES;
				GCC_WARN_UNUSED_VARIABLE = YES;
				INFOPLIST_FILE = "$(SRCROOT)/Source/Info.plist";
				INSTALL_PATH = "$(LOCAL_LIBRARY_DIR)/Frameworks";
				IPHONEOS_DEPLOYMENT_TARGET = 8.0;
				LD_RUNPATH_SEARCH_PATHS = "$(inherited) @executable_path/Frameworks @loader_path/Frameworks";
				MTL_ENABLE_DEBUG_INFO = YES;
				ONLY_ACTIVE_ARCH = YES;
				PRODUCT_BUNDLE_IDENTIFIER = com.swiftpack.SwiftyPack;
				PRODUCT_NAME = SwiftyPack;
				SDKROOT = iphoneos;
				SKIP_INSTALL = YES;
				SWIFT_OPTIMIZATION_LEVEL = "-Onone";
				TARGETED_DEVICE_FAMILY = "1,2";
				VERSIONING_SYSTEM = "apple-generic";
				VERSION_INFO_PREFIX = "";
			};
			name = Debug;
		};
		F6873B461D2DE743002D6B4A /* Release */ = {
			isa = XCBuildConfiguration;
			buildSettings = {
				ALWAYS_SEARCH_USER_PATHS = NO;
				APPLICATION_EXTENSION_API_ONLY = YES;
				CLANG_ANALYZER_NONNULL = YES;
				CLANG_CXX_LANGUAGE_STANDARD = "gnu++0x";
				CLANG_CXX_LIBRARY = "libc++";
				CLANG_ENABLE_MODULES = YES;
				CLANG_ENABLE_OBJC_ARC = YES;
				CLANG_WARN_BOOL_CONVERSION = YES;
				CLANG_WARN_CONSTANT_CONVERSION = YES;
				CLANG_WARN_DIRECT_OBJC_ISA_USAGE = YES_ERROR;
				CLANG_WARN_EMPTY_BODY = YES;
				CLANG_WARN_ENUM_CONVERSION = YES;
				CLANG_WARN_INT_CONVERSION = YES;
				CLANG_WARN_OBJC_ROOT_CLASS = YES_ERROR;
				CLANG_WARN_UNREACHABLE_CODE = YES;
				CLANG_WARN__DUPLICATE_METHOD_MATCH = YES;
				"CODE_SIGN_IDENTITY[sdk=iphoneos*]" = "iPhone Developer";
				COPY_PHASE_STRIP = NO;
				CURRENT_PROJECT_VERSION = 1;
				DEBUG_INFORMATION_FORMAT = "dwarf-with-dsym";
				DEFINES_MODULE = YES;
				DYLIB_COMPATIBILITY_VERSION = 1;
				DYLIB_CURRENT_VERSION = 1;
				DYLIB_INSTALL_NAME_BASE = "@rpath";
				ENABLE_NS_ASSERTIONS = NO;
				ENABLE_STRICT_OBJC_MSGSEND = YES;
				GCC_C_LANGUAGE_STANDARD = gnu99;
				GCC_NO_COMMON_BLOCKS = YES;
				GCC_WARN_64_TO_32_BIT_CONVERSION = YES;
				GCC_WARN_ABOUT_RETURN_TYPE = YES_ERROR;
				GCC_WARN_UNDECLARED_SELECTOR = YES;
				GCC_WARN_UNINITIALIZED_AUTOS = YES_AGGRESSIVE;
				GCC_WARN_UNUSED_FUNCTION = YES;
				GCC_WARN_UNUSED_VARIABLE = YES;
				INFOPLIST_FILE = "$(SRCROOT)/Source/Info.plist";
				INSTALL_PATH = "$(LOCAL_LIBRARY_DIR)/Frameworks";
				IPHONEOS_DEPLOYMENT_TARGET = 8.0;
				LD_RUNPATH_SEARCH_PATHS = "$(inherited) @executable_path/Frameworks @loader_path/Frameworks";
				MTL_ENABLE_DEBUG_INFO = NO;
				PRODUCT_BUNDLE_IDENTIFIER = com.swiftpack.SwiftyPack;
				PRODUCT_NAME = SwiftyPack;
				SDKROOT = iphoneos;
				SKIP_INSTALL = YES;
				TARGETED_DEVICE_FAMILY = "1,2";
				VALIDATE_PRODUCT = YES;
				VERSIONING_SYSTEM = "apple-generic";
				VERSION_INFO_PREFIX = "";
			};
			name = Release;
		};
		F6873B481D2DE743002D6B4A /* Debug */ = {
			isa = XCBuildConfiguration;
			buildSettings = {
				ALWAYS_SEARCH_USER_PATHS = NO;
				CLANG_ANALYZER_NONNULL = YES;
				CLANG_CXX_LANGUAGE_STANDARD = "gnu++0x";
				CLANG_CXX_LIBRARY = "libc++";
				CLANG_ENABLE_MODULES = YES;
				CLANG_ENABLE_OBJC_ARC = YES;
				CLANG_WARN_BOOL_CONVERSION = YES;
				CLANG_WARN_CONSTANT_CONVERSION = YES;
				CLANG_WARN_DIRECT_OBJC_ISA_USAGE = YES_ERROR;
				CLANG_WARN_EMPTY_BODY = YES;
				CLANG_WARN_ENUM_CONVERSION = YES;
				CLANG_WARN_INT_CONVERSION = YES;
				CLANG_WARN_OBJC_ROOT_CLASS = YES_ERROR;
				CLANG_WARN_UNREACHABLE_CODE = YES;
				CLANG_WARN__DUPLICATE_METHOD_MATCH = YES;
				"CODE_SIGN_IDENTITY[sdk=iphoneos*]" = "iPhone Developer";
				COPY_PHASE_STRIP = NO;
				DEBUG_INFORMATION_FORMAT = dwarf;
				ENABLE_STRICT_OBJC_MSGSEND = YES;
				ENABLE_TESTABILITY = YES;
				GCC_C_LANGUAGE_STANDARD = gnu99;
				GCC_DYNAMIC_NO_PIC = NO;
				GCC_NO_COMMON_BLOCKS = YES;
				GCC_OPTIMIZATION_LEVEL = 0;
				GCC_PREPROCESSOR_DEFINITIONS = (
					"DEBUG=1",
					"$(inherited)",
				);
				GCC_WARN_64_TO_32_BIT_CONVERSION = YES;
				GCC_WARN_ABOUT_RETURN_TYPE = YES_ERROR;
				GCC_WARN_UNDECLARED_SELECTOR = YES;
				GCC_WARN_UNINITIALIZED_AUTOS = YES_AGGRESSIVE;
				GCC_WARN_UNUSED_FUNCTION = YES;
				GCC_WARN_UNUSED_VARIABLE = YES;
				INFOPLIST_FILE = Tests/Info.plist;
				IPHONEOS_DEPLOYMENT_TARGET = 9.3;
				LD_RUNPATH_SEARCH_PATHS = "$(inherited) @executable_path/Frameworks @loader_path/Frameworks";
				MTL_ENABLE_DEBUG_INFO = YES;
				ONLY_ACTIVE_ARCH = YES;
				PRODUCT_BUNDLE_IDENTIFIER = com.swiftpack.SwiftyPackTests;
				PRODUCT_NAME = "$(TARGET_NAME)";
				SDKROOT = iphoneos;
				SWIFT_OPTIMIZATION_LEVEL = "-Onone";
			};
			name = Debug;
		};
		F6873B491D2DE743002D6B4A /* Release */ = {
			isa = XCBuildConfiguration;
			buildSettings = {
				ALWAYS_SEARCH_USER_PATHS = NO;
				CLANG_ANALYZER_NONNULL = YES;
				CLANG_CXX_LANGUAGE_STANDARD = "gnu++0x";
				CLANG_CXX_LIBRARY = "libc++";
				CLANG_ENABLE_MODULES = YES;
				CLANG_ENABLE_OBJC_ARC = YES;
				CLANG_WARN_BOOL_CONVERSION = YES;
				CLANG_WARN_CONSTANT_CONVERSION = YES;
				CLANG_WARN_DIRECT_OBJC_ISA_USAGE = YES_ERROR;
				CLANG_WARN_EMPTY_BODY = YES;
				CLANG_WARN_ENUM_CONVERSION = YES;
				CLANG_WARN_INT_CONVERSION = YES;
				CLANG_WARN_OBJC_ROOT_CLASS = YES_ERROR;
				CLANG_WARN_UNREACHABLE_CODE = YES;
				CLANG_WARN__DUPLICATE_METHOD_MATCH = YES;
				"CODE_SIGN_IDENTITY[sdk=iphoneos*]" = "iPhone Developer";
				COPY_PHASE_STRIP = NO;
				DEBUG_INFORMATION_FORMAT = "dwarf-with-dsym";
				ENABLE_NS_ASSERTIONS = NO;
				ENABLE_STRICT_OBJC_MSGSEND = YES;
				GCC_C_LANGUAGE_STANDARD = gnu99;
				GCC_NO_COMMON_BLOCKS = YES;
				GCC_WARN_64_TO_32_BIT_CONVERSION = YES;
				GCC_WARN_ABOUT_RETURN_TYPE = YES_ERROR;
				GCC_WARN_UNDECLARED_SELECTOR = YES;
				GCC_WARN_UNINITIALIZED_AUTOS = YES_AGGRESSIVE;
				GCC_WARN_UNUSED_FUNCTION = YES;
				GCC_WARN_UNUSED_VARIABLE = YES;
				INFOPLIST_FILE = Tests/Info.plist;
				IPHONEOS_DEPLOYMENT_TARGET = 9.3;
				LD_RUNPATH_SEARCH_PATHS = "$(inherited) @executable_path/Frameworks @loader_path/Frameworks";
				MTL_ENABLE_DEBUG_INFO = NO;
				PRODUCT_BUNDLE_IDENTIFIER = com.swiftpack.SwiftyPackTests;
				PRODUCT_NAME = "$(TARGET_NAME)";
				SDKROOT = iphoneos;
				VALIDATE_PRODUCT = YES;
			};
			name = Release;
		};
		F6873B6E1D2DEBBD002D6B4A /* Debug */ = {
			isa = XCBuildConfiguration;
			buildSettings = {
				ALWAYS_SEARCH_USER_PATHS = NO;
				APPLICATION_EXTENSION_API_ONLY = YES;
				CLANG_ANALYZER_NONNULL = YES;
				CLANG_CXX_LANGUAGE_STANDARD = "gnu++0x";
				CLANG_CXX_LIBRARY = "libc++";
				CLANG_ENABLE_MODULES = YES;
				CLANG_ENABLE_OBJC_ARC = YES;
				CLANG_WARN_BOOL_CONVERSION = YES;
				CLANG_WARN_CONSTANT_CONVERSION = YES;
				CLANG_WARN_DIRECT_OBJC_ISA_USAGE = YES_ERROR;
				CLANG_WARN_EMPTY_BODY = YES;
				CLANG_WARN_ENUM_CONVERSION = YES;
				CLANG_WARN_INT_CONVERSION = YES;
				CLANG_WARN_OBJC_ROOT_CLASS = YES_ERROR;
				CLANG_WARN_UNREACHABLE_CODE = YES;
				CLANG_WARN__DUPLICATE_METHOD_MATCH = YES;
				CODE_SIGN_IDENTITY = "-";
				COMBINE_HIDPI_IMAGES = YES;
				COPY_PHASE_STRIP = NO;
				CURRENT_PROJECT_VERSION = 1;
				DEBUG_INFORMATION_FORMAT = dwarf;
				DEFINES_MODULE = YES;
				DYLIB_COMPATIBILITY_VERSION = 1;
				DYLIB_CURRENT_VERSION = 1;
				DYLIB_INSTALL_NAME_BASE = "@rpath";
				ENABLE_STRICT_OBJC_MSGSEND = YES;
				ENABLE_TESTABILITY = YES;
				FRAMEWORK_VERSION = A;
				GCC_C_LANGUAGE_STANDARD = gnu99;
				GCC_DYNAMIC_NO_PIC = NO;
				GCC_NO_COMMON_BLOCKS = YES;
				GCC_OPTIMIZATION_LEVEL = 0;
				GCC_PREPROCESSOR_DEFINITIONS = (
					"DEBUG=1",
					"$(inherited)",
				);
				GCC_WARN_64_TO_32_BIT_CONVERSION = YES;
				GCC_WARN_ABOUT_RETURN_TYPE = YES_ERROR;
				GCC_WARN_UNDECLARED_SELECTOR = YES;
				GCC_WARN_UNINITIALIZED_AUTOS = YES_AGGRESSIVE;
				GCC_WARN_UNUSED_FUNCTION = YES;
				GCC_WARN_UNUSED_VARIABLE = YES;
				INFOPLIST_FILE = "$(SRCROOT)/Source/Info.plist";
				INSTALL_PATH = "$(LOCAL_LIBRARY_DIR)/Frameworks";
				LD_RUNPATH_SEARCH_PATHS = "$(inherited) @executable_path/../Frameworks @loader_path/Frameworks";
				MACOSX_DEPLOYMENT_TARGET = 10.9;
				MTL_ENABLE_DEBUG_INFO = YES;
				ONLY_ACTIVE_ARCH = YES;
				PRODUCT_BUNDLE_IDENTIFIER = com.swiftpack.SwiftyPack;
				PRODUCT_NAME = SwiftyPack;
				SDKROOT = macosx;
				SKIP_INSTALL = YES;
				SWIFT_OPTIMIZATION_LEVEL = "-Onone";
				VERSIONING_SYSTEM = "apple-generic";
				VERSION_INFO_PREFIX = "";
			};
			name = Debug;
		};
		F6873B6F1D2DEBBD002D6B4A /* Release */ = {
			isa = XCBuildConfiguration;
			buildSettings = {
				ALWAYS_SEARCH_USER_PATHS = NO;
				APPLICATION_EXTENSION_API_ONLY = YES;
				CLANG_ANALYZER_NONNULL = YES;
				CLANG_CXX_LANGUAGE_STANDARD = "gnu++0x";
				CLANG_CXX_LIBRARY = "libc++";
				CLANG_ENABLE_MODULES = YES;
				CLANG_ENABLE_OBJC_ARC = YES;
				CLANG_WARN_BOOL_CONVERSION = YES;
				CLANG_WARN_CONSTANT_CONVERSION = YES;
				CLANG_WARN_DIRECT_OBJC_ISA_USAGE = YES_ERROR;
				CLANG_WARN_EMPTY_BODY = YES;
				CLANG_WARN_ENUM_CONVERSION = YES;
				CLANG_WARN_INT_CONVERSION = YES;
				CLANG_WARN_OBJC_ROOT_CLASS = YES_ERROR;
				CLANG_WARN_UNREACHABLE_CODE = YES;
				CLANG_WARN__DUPLICATE_METHOD_MATCH = YES;
				CODE_SIGN_IDENTITY = "-";
				COMBINE_HIDPI_IMAGES = YES;
				COPY_PHASE_STRIP = NO;
				CURRENT_PROJECT_VERSION = 1;
				DEBUG_INFORMATION_FORMAT = "dwarf-with-dsym";
				DEFINES_MODULE = YES;
				DYLIB_COMPATIBILITY_VERSION = 1;
				DYLIB_CURRENT_VERSION = 1;
				DYLIB_INSTALL_NAME_BASE = "@rpath";
				ENABLE_NS_ASSERTIONS = NO;
				ENABLE_STRICT_OBJC_MSGSEND = YES;
				FRAMEWORK_VERSION = A;
				GCC_C_LANGUAGE_STANDARD = gnu99;
				GCC_NO_COMMON_BLOCKS = YES;
				GCC_WARN_64_TO_32_BIT_CONVERSION = YES;
				GCC_WARN_ABOUT_RETURN_TYPE = YES_ERROR;
				GCC_WARN_UNDECLARED_SELECTOR = YES;
				GCC_WARN_UNINITIALIZED_AUTOS = YES_AGGRESSIVE;
				GCC_WARN_UNUSED_FUNCTION = YES;
				GCC_WARN_UNUSED_VARIABLE = YES;
				INFOPLIST_FILE = "$(SRCROOT)/Source/Info.plist";
				INSTALL_PATH = "$(LOCAL_LIBRARY_DIR)/Frameworks";
				LD_RUNPATH_SEARCH_PATHS = "$(inherited) @executable_path/../Frameworks @loader_path/Frameworks";
				MACOSX_DEPLOYMENT_TARGET = 10.9;
				MTL_ENABLE_DEBUG_INFO = NO;
				PRODUCT_BUNDLE_IDENTIFIER = com.swiftpack.SwiftyPack;
				PRODUCT_NAME = SwiftyPack;
				SDKROOT = macosx;
				SKIP_INSTALL = YES;
				VERSIONING_SYSTEM = "apple-generic";
				VERSION_INFO_PREFIX = "";
			};
			name = Release;
		};
		F6873B711D2DEBBD002D6B4A /* Debug */ = {
			isa = XCBuildConfiguration;
			buildSettings = {
				ALWAYS_SEARCH_USER_PATHS = NO;
				CLANG_ANALYZER_NONNULL = YES;
				CLANG_CXX_LANGUAGE_STANDARD = "gnu++0x";
				CLANG_CXX_LIBRARY = "libc++";
				CLANG_ENABLE_MODULES = YES;
				CLANG_ENABLE_OBJC_ARC = YES;
				CLANG_WARN_BOOL_CONVERSION = YES;
				CLANG_WARN_CONSTANT_CONVERSION = YES;
				CLANG_WARN_DIRECT_OBJC_ISA_USAGE = YES_ERROR;
				CLANG_WARN_EMPTY_BODY = YES;
				CLANG_WARN_ENUM_CONVERSION = YES;
				CLANG_WARN_INT_CONVERSION = YES;
				CLANG_WARN_OBJC_ROOT_CLASS = YES_ERROR;
				CLANG_WARN_UNREACHABLE_CODE = YES;
				CLANG_WARN__DUPLICATE_METHOD_MATCH = YES;
				CODE_SIGN_IDENTITY = "-";
				COMBINE_HIDPI_IMAGES = YES;
				COPY_PHASE_STRIP = NO;
				DEBUG_INFORMATION_FORMAT = dwarf;
				ENABLE_STRICT_OBJC_MSGSEND = YES;
				ENABLE_TESTABILITY = YES;
				GCC_C_LANGUAGE_STANDARD = gnu99;
				GCC_DYNAMIC_NO_PIC = NO;
				GCC_NO_COMMON_BLOCKS = YES;
				GCC_OPTIMIZATION_LEVEL = 0;
				GCC_PREPROCESSOR_DEFINITIONS = (
					"DEBUG=1",
					"$(inherited)",
				);
				GCC_WARN_64_TO_32_BIT_CONVERSION = YES;
				GCC_WARN_ABOUT_RETURN_TYPE = YES_ERROR;
				GCC_WARN_UNDECLARED_SELECTOR = YES;
				GCC_WARN_UNINITIALIZED_AUTOS = YES_AGGRESSIVE;
				GCC_WARN_UNUSED_FUNCTION = YES;
				GCC_WARN_UNUSED_VARIABLE = YES;
				INFOPLIST_FILE = Tests/Info.plist;
				LD_RUNPATH_SEARCH_PATHS = "$(inherited) @executable_path/../Frameworks @loader_path/../Frameworks";
				MACOSX_DEPLOYMENT_TARGET = 10.11;
				MTL_ENABLE_DEBUG_INFO = YES;
				ONLY_ACTIVE_ARCH = YES;
				PRODUCT_BUNDLE_IDENTIFIER = com.swiftpack.SwiftyPackTests;
				PRODUCT_NAME = "$(TARGET_NAME)";
				SDKROOT = macosx;
				SWIFT_OPTIMIZATION_LEVEL = "-Onone";
			};
			name = Debug;
		};
		F6873B721D2DEBBD002D6B4A /* Release */ = {
			isa = XCBuildConfiguration;
			buildSettings = {
				ALWAYS_SEARCH_USER_PATHS = NO;
				CLANG_ANALYZER_NONNULL = YES;
				CLANG_CXX_LANGUAGE_STANDARD = "gnu++0x";
				CLANG_CXX_LIBRARY = "libc++";
				CLANG_ENABLE_MODULES = YES;
				CLANG_ENABLE_OBJC_ARC = YES;
				CLANG_WARN_BOOL_CONVERSION = YES;
				CLANG_WARN_CONSTANT_CONVERSION = YES;
				CLANG_WARN_DIRECT_OBJC_ISA_USAGE = YES_ERROR;
				CLANG_WARN_EMPTY_BODY = YES;
				CLANG_WARN_ENUM_CONVERSION = YES;
				CLANG_WARN_INT_CONVERSION = YES;
				CLANG_WARN_OBJC_ROOT_CLASS = YES_ERROR;
				CLANG_WARN_UNREACHABLE_CODE = YES;
				CLANG_WARN__DUPLICATE_METHOD_MATCH = YES;
				CODE_SIGN_IDENTITY = "-";
				COMBINE_HIDPI_IMAGES = YES;
				COPY_PHASE_STRIP = NO;
				DEBUG_INFORMATION_FORMAT = "dwarf-with-dsym";
				ENABLE_NS_ASSERTIONS = NO;
				ENABLE_STRICT_OBJC_MSGSEND = YES;
				GCC_C_LANGUAGE_STANDARD = gnu99;
				GCC_NO_COMMON_BLOCKS = YES;
				GCC_WARN_64_TO_32_BIT_CONVERSION = YES;
				GCC_WARN_ABOUT_RETURN_TYPE = YES_ERROR;
				GCC_WARN_UNDECLARED_SELECTOR = YES;
				GCC_WARN_UNINITIALIZED_AUTOS = YES_AGGRESSIVE;
				GCC_WARN_UNUSED_FUNCTION = YES;
				GCC_WARN_UNUSED_VARIABLE = YES;
				INFOPLIST_FILE = Tests/Info.plist;
				LD_RUNPATH_SEARCH_PATHS = "$(inherited) @executable_path/../Frameworks @loader_path/../Frameworks";
				MACOSX_DEPLOYMENT_TARGET = 10.11;
				MTL_ENABLE_DEBUG_INFO = NO;
				PRODUCT_BUNDLE_IDENTIFIER = com.swiftpack.SwiftyPackTests;
				PRODUCT_NAME = "$(TARGET_NAME)";
				SDKROOT = macosx;
			};
			name = Release;
		};
/* End XCBuildConfiguration section */

/* Begin XCConfigurationList section */
		F6873B281D2DE6AE002D6B4A /* Build configuration list for PBXProject "SwiftyPack" */ = {
			isa = XCConfigurationList;
			buildConfigurations = (
				F6873B291D2DE6AE002D6B4A /* Debug */,
				F6873B2A1D2DE6AE002D6B4A /* Release */,
			);
			defaultConfigurationIsVisible = 0;
			defaultConfigurationName = Release;
		};
		F6873B441D2DE743002D6B4A /* Build configuration list for PBXNativeTarget "SwiftyPack iOS" */ = {
			isa = XCConfigurationList;
			buildConfigurations = (
				F6873B451D2DE743002D6B4A /* Debug */,
				F6873B461D2DE743002D6B4A /* Release */,
			);
			defaultConfigurationIsVisible = 0;
		};
		F6873B471D2DE743002D6B4A /* Build configuration list for PBXNativeTarget "SwiftyPack iOS Tests" */ = {
			isa = XCConfigurationList;
			buildConfigurations = (
				F6873B481D2DE743002D6B4A /* Debug */,
				F6873B491D2DE743002D6B4A /* Release */,
			);
			defaultConfigurationIsVisible = 0;
		};
		F6873B6D1D2DEBBD002D6B4A /* Build configuration list for PBXNativeTarget "SwiftyPack macOS" */ = {
			isa = XCConfigurationList;
			buildConfigurations = (
				F6873B6E1D2DEBBD002D6B4A /* Debug */,
				F6873B6F1D2DEBBD002D6B4A /* Release */,
			);
			defaultConfigurationIsVisible = 0;
		};
		F6873B701D2DEBBD002D6B4A /* Build configuration list for PBXNativeTarget "SwiftyPack macOS Tests" */ = {
			isa = XCConfigurationList;
			buildConfigurations = (
				F6873B711D2DEBBD002D6B4A /* Debug */,
				F6873B721D2DEBBD002D6B4A /* Release */,
			);
			defaultConfigurationIsVisible = 0;
		};
/* End XCConfigurationList section */
	};
	rootObject = F6873B251D2DE6AE002D6B4A /* Project object */;
}
